
Microsoft Visual Studio Solution File, Format Version 12.00
# Visual Studio Version 17
VisualStudioVersion = 17.10.34928.147
MinimumVisualStudioVersion = 10.0.40219.1
Project("{9A19103F-16F7-4668-BE54-9A1E7A4F7556}") = "ProductService.API", "ProductService.API\ProductService.API.csproj", "{34847EE0-1DEC-4343-8EE7-E0C1B5C49439}"
EndProject
Project("{9A19103F-16F7-4668-BE54-9A1E7A4F7556}") = "AuthService.API", "AuthService.API\AuthService.API.csproj", "{65BEA0EF-EF50-476A-A6F5-D1A38DF50BE4}"
EndProject
Project("{9A19103F-16F7-4668-BE54-9A1E7A4F7556}") = "ConsumerService.API", "ConsumerService.API\ConsumerService.API.csproj", "{C4C2F46C-4B02-44AA-B17D-FC3C7DBA9DAA}"
EndProject
Global
	GlobalSection(SolutionConfigurationPlatforms) = preSolution
		Debug|Any CPU = Debug|Any CPU
		Release|Any CPU = Release|Any CPU
	EndGlobalSection
	GlobalSection(ProjectConfigurationPlatforms) = postSolution
		{34847EE0-1DEC-4343-8EE7-E0C1B5C49439}.Debug|Any CPU.ActiveCfg = Debug|Any CPU
		{34847EE0-1DEC-4343-8EE7-E0C1B5C49439}.Debug|Any CPU.Build.0 = Debug|Any CPU
		{34847EE0-1DEC-4343-8EE7-E0C1B5C49439}.Release|Any CPU.ActiveCfg = Release|Any CPU
		{34847EE0-1DEC-4343-8EE7-E0C1B5C49439}.Release|Any CPU.Build.0 = Release|Any CPU
		{65BEA0EF-EF50-476A-A6F5-D1A38DF50BE4}.Debug|Any CPU.ActiveCfg = Debug|Any CPU
		{65BEA0EF-EF50-476A-A6F5-D1A38DF50BE4}.Debug|Any CPU.Build.0 = Debug|Any CPU
		{65BEA0EF-EF50-476A-A6F5-D1A38DF50BE4}.Release|Any CPU.ActiveCfg = Release|Any CPU
		{65BEA0EF-EF50-476A-A6F5-D1A38DF50BE4}.Release|Any CPU.Build.0 = Release|Any CPU
		{C4C2F46C-4B02-44AA-B17D-FC3C7DBA9DAA}.Debug|Any CPU.ActiveCfg = Debug|Any CPU
		{C4C2F46C-4B02-44AA-B17D-FC3C7DBA9DAA}.Debug|Any CPU.Build.0 = Debug|Any CPU
		{C4C2F46C-4B02-44AA-B17D-FC3C7DBA9DAA}.Release|Any CPU.ActiveCfg = Release|Any CPU
		{C4C2F46C-4B02-44AA-B17D-FC3C7DBA9DAA}.Release|Any CPU.Build.0 = Release|Any CPU
	EndGlobalSection
	GlobalSection(SolutionProperties) = preSolution
		HideSolutionNode = FALSE
	EndGlobalSection
	GlobalSection(ExtensibilityGlobals) = postSolution
		SolutionGuid = {98D0F74D-5FD0-4D7E-A8F0-29A73326859D}
	EndGlobalSection
EndGlobal
